{
  "version": 4,
  "terraform_version": "1.3.7",
  "serial": 3,
  "lineage": "0213daeb-02a5-8811-1b96-1a783b3623fa",
  "outputs": {},
  "resources": [
    {
      "mode": "managed",
      "type": "aws_ssm_parameter",
      "name": "rds_password",
      "provider": "provider[\"registry.terraform.io/hashicorp/aws\"]",
      "instances": [
        {
          "schema_version": 0,
          "attributes": {
            "allowed_pattern": "",
            "arn": "arn:aws:ssm:eu-central-1:675448213019:parameter/prod/mysql",
            "data_type": "text",
            "description": "Master Password for my RDS MySQL",
            "id": "/prod/mysql",
            "insecure_value": null,
            "key_id": "alias/aws/ssm",
            "name": "/prod/mysql",
            "overwrite": null,
            "tags": null,
            "tags_all": {},
            "tier": "Standard",
            "type": "SecureString",
            "value": "TLuO4LG1OJZ8",
            "version": 1
          },
          "sensitive_attributes": [],
          "private": "bnVsbA==",
          "dependencies": [
            "random_string.rds_password"
          ]
        }
      ]
    },
    {
      "mode": "managed",
      "type": "random_string",
      "name": "rds_password",
      "provider": "provider[\"registry.terraform.io/hashicorp/random\"]",
      "instances": [
        {
          "schema_version": 2,
          "attributes": {
            "id": "TLuO4LG1OJZ8",
            "keepers": null,
            "length": 12,
            "lower": true,
            "min_lower": 0,
            "min_numeric": 0,
            "min_special": 0,
            "min_upper": 0,
            "number": true,
            "numeric": true,
            "override_special": "!#$\u0026",
            "result": "TLuO4LG1OJZ8",
            "special": true,
            "upper": true
          },
          "sensitive_attributes": []
        }
      ]
    }
  ],
  "check_results": null
}
